
Microsoft Visual Studio Solution File, Format Version 12.00
# Visual Studio Version 16
VisualStudioVersion = 16.0.34601.136
MinimumVisualStudioVersion = 10.0.40219.1
Project("{FAE04EC0-301F-11D3-BF4B-00C04F79EFBC}") = "ImageViewer", "ImageViewer\ImageViewer.csproj", "{796EC04C-79BD-4B68-ABCD-B4DC181EF692}"
EndProject
Global
	GlobalSection(SolutionConfigurationPlatforms) = preSolution
		Debug|Any CPU = Debug|Any CPU
		Release|Any CPU = Release|Any CPU
	EndGlobalSection
	GlobalSection(ProjectConfigurationPlatforms) = postSolution
		{796EC04C-79BD-4B68-ABCD-B4DC181EF692}.Debug|Any CPU.ActiveCfg = Debug|Any CPU
		{796EC04C-79BD-4B68-ABCD-B4DC181EF692}.Debug|Any CPU.Build.0 = Debug|Any CPU
		{796EC04C-79BD-4B68-ABCD-B4DC181EF692}.Release|Any CPU.ActiveCfg = Release|Any CPU
		{796EC04C-79BD-4B68-ABCD-B4DC181EF692}.Release|Any CPU.Build.0 = Release|Any CPU
	EndGlobalSection
	GlobalSection(SolutionProperties) = preSolution
		HideSolutionNode = FALSE
	EndGlobalSection
	GlobalSection(ExtensibilityGlobals) = postSolution
		SolutionGuid = {BBB64250-BCE3-4D47-B2C3-1FD27763DA60}
	EndGlobalSection
EndGlobal
